
Microsoft Visual Studio Solution File, Format Version 12.00
# Visual Studio Version 17
VisualStudioVersion = 17.2.32526.322
MinimumVisualStudioVersion = 10.0.40219.1
Project("{9A19103F-16F7-4668-BE54-9A1E7A4F7556}") = "Master.BusinessDomain", "Master.BusinessDomain\Master.BusinessDomain.csproj", "{7EFF90DB-BEBF-495C-89EF-48594B8971A1}"
EndProject
Project("{9A19103F-16F7-4668-BE54-9A1E7A4F7556}") = "Master.EntityFramework", "Master.EntityFramework\Master.EntityFramework.csproj", "{D4E7DAC4-2A26-40B7-960B-AF31B4F3FF62}"
EndProject
Project("{9A19103F-16F7-4668-BE54-9A1E7A4F7556}") = "Master.Models", "Master.Models\Master.Models.csproj", "{3D824B97-7929-40B3-A10D-0A673A3991B1}"
EndProject
Project("{9A19103F-16F7-4668-BE54-9A1E7A4F7556}") = "Master.DataDomain", "Master.DataDomain\Master.DataDomain.csproj", "{61FF752E-0F21-4D07-86D4-AF67F053E26E}"
EndProject
Project("{9A19103F-16F7-4668-BE54-9A1E7A4F7556}") = "Master.Microservice", "Master.Microservice\Master.Microservice.csproj", "{3556925E-3CD0-4F44-A31C-155572058D56}"
EndProject
Project("{9A19103F-16F7-4668-BE54-9A1E7A4F7556}") = "Master.Utilities", "Master.Utilities\Master.Utilities.csproj", "{4191D33C-E19C-4981-8437-0B8EB0DFD8B2}"
EndProject
Global
	GlobalSection(SolutionConfigurationPlatforms) = preSolution
		Debug|Any CPU = Debug|Any CPU
		Release|Any CPU = Release|Any CPU
	EndGlobalSection
	GlobalSection(ProjectConfigurationPlatforms) = postSolution
		{7EFF90DB-BEBF-495C-89EF-48594B8971A1}.Debug|Any CPU.ActiveCfg = Debug|Any CPU
		{7EFF90DB-BEBF-495C-89EF-48594B8971A1}.Debug|Any CPU.Build.0 = Debug|Any CPU
		{7EFF90DB-BEBF-495C-89EF-48594B8971A1}.Release|Any CPU.ActiveCfg = Release|Any CPU
		{7EFF90DB-BEBF-495C-89EF-48594B8971A1}.Release|Any CPU.Build.0 = Release|Any CPU
		{D4E7DAC4-2A26-40B7-960B-AF31B4F3FF62}.Debug|Any CPU.ActiveCfg = Debug|Any CPU
		{D4E7DAC4-2A26-40B7-960B-AF31B4F3FF62}.Debug|Any CPU.Build.0 = Debug|Any CPU
		{D4E7DAC4-2A26-40B7-960B-AF31B4F3FF62}.Release|Any CPU.ActiveCfg = Release|Any CPU
		{D4E7DAC4-2A26-40B7-960B-AF31B4F3FF62}.Release|Any CPU.Build.0 = Release|Any CPU
		{3D824B97-7929-40B3-A10D-0A673A3991B1}.Debug|Any CPU.ActiveCfg = Debug|Any CPU
		{3D824B97-7929-40B3-A10D-0A673A3991B1}.Debug|Any CPU.Build.0 = Debug|Any CPU
		{3D824B97-7929-40B3-A10D-0A673A3991B1}.Release|Any CPU.ActiveCfg = Release|Any CPU
		{3D824B97-7929-40B3-A10D-0A673A3991B1}.Release|Any CPU.Build.0 = Release|Any CPU
		{61FF752E-0F21-4D07-86D4-AF67F053E26E}.Debug|Any CPU.ActiveCfg = Debug|Any CPU
		{61FF752E-0F21-4D07-86D4-AF67F053E26E}.Debug|Any CPU.Build.0 = Debug|Any CPU
		{61FF752E-0F21-4D07-86D4-AF67F053E26E}.Release|Any CPU.ActiveCfg = Release|Any CPU
		{61FF752E-0F21-4D07-86D4-AF67F053E26E}.Release|Any CPU.Build.0 = Release|Any CPU
		{3556925E-3CD0-4F44-A31C-155572058D56}.Debug|Any CPU.ActiveCfg = Debug|Any CPU
		{3556925E-3CD0-4F44-A31C-155572058D56}.Debug|Any CPU.Build.0 = Debug|Any CPU
		{3556925E-3CD0-4F44-A31C-155572058D56}.Release|Any CPU.ActiveCfg = Release|Any CPU
		{3556925E-3CD0-4F44-A31C-155572058D56}.Release|Any CPU.Build.0 = Release|Any CPU
		{4191D33C-E19C-4981-8437-0B8EB0DFD8B2}.Debug|Any CPU.ActiveCfg = Debug|Any CPU
		{4191D33C-E19C-4981-8437-0B8EB0DFD8B2}.Debug|Any CPU.Build.0 = Debug|Any CPU
		{4191D33C-E19C-4981-8437-0B8EB0DFD8B2}.Release|Any CPU.ActiveCfg = Release|Any CPU
		{4191D33C-E19C-4981-8437-0B8EB0DFD8B2}.Release|Any CPU.Build.0 = Release|Any CPU
	EndGlobalSection
	GlobalSection(SolutionProperties) = preSolution
		HideSolutionNode = FALSE
	EndGlobalSection
	GlobalSection(ExtensibilityGlobals) = postSolution
		SolutionGuid = {DF861112-284B-404C-A0EB-A9C8208EDBA9}
	EndGlobalSection
EndGlobal
